PODS:
  - Flutter (1.0.0)
  - integration_test (0.0.1):
    - Flutter
  - path_provider_foundation (0.0.1):
    - Flutter
    - FlutterMacOS
  - zkemail_flutter_package (0.1.0):
    - Flutter
    - ZKEmailSwift
  - ZKEmailSwift (0.2.7)

DEPENDENCIES:
  - Flutter (from `Flutter`)
  - integration_test (from `.symlinks/plugins/integration_test/ios`)
  - path_provider_foundation (from `.symlinks/plugins/path_provider_foundation/darwin`)
  - zkemail_flutter_package (from `.symlinks/plugins/zkemail_flutter_package/ios`)

SPEC REPOS:
  trunk:
    - ZKEmailSwift

EXTERNAL SOURCES:
  Flutter:
    :path: Flutter
  integration_test:
    :path: ".symlinks/plugins/integration_test/ios"
  path_provider_foundation:
    :path: ".symlinks/plugins/path_provider_foundation/darwin"
  zkemail_flutter_package:
    :path: ".symlinks/plugins/zkemail_flutter_package/ios"

SPEC CHECKSUMS:
  Flutter: e0871f40cf51350855a761d2e70bf5af5b9b5de7
  integration_test: 4a889634ef21a45d28d50d622cf412dc6d9f586e
  path_provider_foundation: 080d55be775b7414fd5a5ef3ac137b97b097e564
  zkemail_flutter_package: 4bd07e656a0bb5d45ddb928eb7829f76f0a7f3ec
  ZKEmailSwift: ef64f9a150f7a4c0704adb25c8e5da5797a3d19b

PODFILE CHECKSUM: 263a3e327ec8c049d1083c4cdd9efcd73625e571

COCOAPODS: 1.16.2
